{
  "name": "miniprogram",
  "version": "1.0.0",
  "lockfileVersion": 1,
  "requires": true,
  "dependencies": {
    "vant-weapp": {
      "version": "0.5.13",
      "resolved": "https://registry.npmjs.org/vant-weapp/-/vant-weapp-0.5.13.tgz",
      "integrity": "sha512-rtgThfgkdoUpjOl/uL41KN/4zr+iSVfx442oUqt1bkWvYQmJiqfh5nWjwEKg6ExnaBkN1ESaC38W9eHkwA+3hg=="
    }
  }
}
